{
  "name": "npm-artifact-download-consumer",
  "version": "0.1.0",
  "lockfileVersion": 3,
  "requires": true,
  "packages": {
    "": {
      "name": "npm-artifact-download-consumer",
      "version": "0.1.0",
      "dependencies": {
        "acme-widget-network-smoke": "file:downloads/acme-widget-network-smoke-0.4.0.tgz"
      }
    },
    "node_modules/acme-widget-network-smoke": {
      "version": "0.4.0",
      "resolved": "file:downloads/acme-widget-network-smoke-0.4.0.tgz",
      "integrity": "sha512-qDbLTONLJuDG5eaNnDqbvcyy7UyEkXOGLB+XHpFS6CAadq2uPC8RRwdFCRd+pySO3YYnYtBx/biN9HLvn8VAwQ==",
      "dependencies": {
        "lodash-es": "4.17.21"
      }
    },
    "node_modules/lodash-es": {
      "version": "4.17.21",
      "resolved": "https://registry.npmjs.org/lodash-es/-/lodash-es-4.17.21.tgz",
      "integrity": "sha512-mKnC+QJ9pWVzv+C4/U3rRsHapFfHvQFoFB92e52xeyGMcX6/OlIl78je1u8vePzYZSkkogMPJ2yjxxsb89cxyw==",
      "license": "MIT"
    }
  }
}
